
Microsoft Visual Studio Solution File, Format Version 12.00
# Visual Studio 15
VisualStudioVersion = 15.0.27004.2005
MinimumVisualStudioVersion = 10.0.40219.1
Project("{FAE04EC0-301F-11D3-BF4B-00C04F79EFBC}") = "Kursach_Cosmos2.0", "Kursach_Cosmos2.0\Kursach_Cosmos2.0.csproj", "{575CEB29-5F67-49EC-A675-8DD769DEEA82}"
EndProject
Global
	GlobalSection(SolutionConfigurationPlatforms) = preSolution
		Debug|Any CPU = Debug|Any CPU
		Release|Any CPU = Release|Any CPU
	EndGlobalSection
	GlobalSection(ProjectConfigurationPlatforms) = postSolution
		{575CEB29-5F67-49EC-A675-8DD769DEEA82}.Debug|Any CPU.ActiveCfg = Debug|Any CPU
		{575CEB29-5F67-49EC-A675-8DD769DEEA82}.Debug|Any CPU.Build.0 = Debug|Any CPU
		{575CEB29-5F67-49EC-A675-8DD769DEEA82}.Release|Any CPU.ActiveCfg = Release|Any CPU
		{575CEB29-5F67-49EC-A675-8DD769DEEA82}.Release|Any CPU.Build.0 = Release|Any CPU
	EndGlobalSection
	GlobalSection(SolutionProperties) = preSolution
		HideSolutionNode = FALSE
	EndGlobalSection
	GlobalSection(ExtensibilityGlobals) = postSolution
		SolutionGuid = {D2F1BEEF-8C8F-47DD-A0BD-B86F4A213EFE}
	EndGlobalSection
EndGlobal
